
Microsoft Visual Studio Solution File, Format Version 12.00
# Visual Studio Version 17
VisualStudioVersion = 17.0.31912.275
MinimumVisualStudioVersion = 10.0.40219.1
Project("{8BC9CEB8-8B4A-11D0-8D11-00A0C91BC942}") = "вся 20 лаба", "вся 20 лаба\вся 20 лаба.vcxproj", "{F0F22040-DC36-4EB7-BD6E-139C709003D8}"
EndProject
Project("{8BC9CEB8-8B4A-11D0-8D11-00A0C91BC942}") = "20.1", "..\20.1\20.1\20.1.vcxproj", "{2227D154-B72B-4D3B-849D-A5D251B8EDC0}"
EndProject
Project("{8BC9CEB8-8B4A-11D0-8D11-00A0C91BC942}") = "20.2", "..\20.2\20.2\20.2.vcxproj", "{EE3D93AF-C1FB-433C-B366-2C46D78DCBCD}"
EndProject
Project("{8BC9CEB8-8B4A-11D0-8D11-00A0C91BC942}") = "20.3", "..\20.3\20.3\20.3.vcxproj", "{D6FBECC4-7526-4047-94FF-243E6D0F7D01}"
EndProject
Project("{8BC9CEB8-8B4A-11D0-8D11-00A0C91BC942}") = "20.4", "..\20.4\20.4\20.4.vcxproj", "{4B873EFE-4DDD-4081-82C6-83D3BD0C2103}"
EndProject
Project("{8BC9CEB8-8B4A-11D0-8D11-00A0C91BC942}") = "20.5", "..\20.5\20.5\20.5.vcxproj", "{8B940581-DC9B-4E89-87CD-20A308598697}"
EndProject
Project("{8BC9CEB8-8B4A-11D0-8D11-00A0C91BC942}") = "20.6", "..\20.6\20.6\20.6.vcxproj", "{04E4A4FB-6777-4DC2-9B53-93D46705E320}"
EndProject
Global
	GlobalSection(SolutionConfigurationPlatforms) = preSolution
		Debug|x64 = Debug|x64
		Debug|x86 = Debug|x86
		Release|x64 = Release|x64
		Release|x86 = Release|x86
	EndGlobalSection
	GlobalSection(ProjectConfigurationPlatforms) = postSolution
		{F0F22040-DC36-4EB7-BD6E-139C709003D8}.Debug|x64.ActiveCfg = Debug|x64
		{F0F22040-DC36-4EB7-BD6E-139C709003D8}.Debug|x64.Build.0 = Debug|x64
		{F0F22040-DC36-4EB7-BD6E-139C709003D8}.Debug|x86.ActiveCfg = Debug|Win32
		{F0F22040-DC36-4EB7-BD6E-139C709003D8}.Debug|x86.Build.0 = Debug|Win32
		{F0F22040-DC36-4EB7-BD6E-139C709003D8}.Release|x64.ActiveCfg = Release|x64
		{F0F22040-DC36-4EB7-BD6E-139C709003D8}.Release|x64.Build.0 = Release|x64
		{F0F22040-DC36-4EB7-BD6E-139C709003D8}.Release|x86.ActiveCfg = Release|Win32
		{F0F22040-DC36-4EB7-BD6E-139C709003D8}.Release|x86.Build.0 = Release|Win32
		{2227D154-B72B-4D3B-849D-A5D251B8EDC0}.Debug|x64.ActiveCfg = Debug|x64
		{2227D154-B72B-4D3B-849D-A5D251B8EDC0}.Debug|x64.Build.0 = Debug|x64
		{2227D154-B72B-4D3B-849D-A5D251B8EDC0}.Debug|x86.ActiveCfg = Debug|Win32
		{2227D154-B72B-4D3B-849D-A5D251B8EDC0}.Debug|x86.Build.0 = Debug|Win32
		{2227D154-B72B-4D3B-849D-A5D251B8EDC0}.Release|x64.ActiveCfg = Release|x64
		{2227D154-B72B-4D3B-849D-A5D251B8EDC0}.Release|x64.Build.0 = Release|x64
		{2227D154-B72B-4D3B-849D-A5D251B8EDC0}.Release|x86.ActiveCfg = Release|Win32
		{2227D154-B72B-4D3B-849D-A5D251B8EDC0}.Release|x86.Build.0 = Release|Win32
		{EE3D93AF-C1FB-433C-B366-2C46D78DCBCD}.Debug|x64.ActiveCfg = Debug|x64
		{EE3D93AF-C1FB-433C-B366-2C46D78DCBCD}.Debug|x64.Build.0 = Debug|x64
		{EE3D93AF-C1FB-433C-B366-2C46D78DCBCD}.Debug|x86.ActiveCfg = Debug|Win32
		{EE3D93AF-C1FB-433C-B366-2C46D78DCBCD}.Debug|x86.Build.0 = Debug|Win32
		{EE3D93AF-C1FB-433C-B366-2C46D78DCBCD}.Release|x64.ActiveCfg = Release|x64
		{EE3D93AF-C1FB-433C-B366-2C46D78DCBCD}.Release|x64.Build.0 = Release|x64
		{EE3D93AF-C1FB-433C-B366-2C46D78DCBCD}.Release|x86.ActiveCfg = Release|Win32
		{EE3D93AF-C1FB-433C-B366-2C46D78DCBCD}.Release|x86.Build.0 = Release|Win32
		{D6FBECC4-7526-4047-94FF-243E6D0F7D01}.Debug|x64.ActiveCfg = Debug|x64
		{D6FBECC4-7526-4047-94FF-243E6D0F7D01}.Debug|x64.Build.0 = Debug|x64
		{D6FBECC4-7526-4047-94FF-243E6D0F7D01}.Debug|x86.ActiveCfg = Debug|Win32
		{D6FBECC4-7526-4047-94FF-243E6D0F7D01}.Debug|x86.Build.0 = Debug|Win32
		{D6FBECC4-7526-4047-94FF-243E6D0F7D01}.Release|x64.ActiveCfg = Release|x64
		{D6FBECC4-7526-4047-94FF-243E6D0F7D01}.Release|x64.Build.0 = Release|x64
		{D6FBECC4-7526-4047-94FF-243E6D0F7D01}.Release|x86.ActiveCfg = Release|Win32
		{D6FBECC4-7526-4047-94FF-243E6D0F7D01}.Release|x86.Build.0 = Release|Win32
		{4B873EFE-4DDD-4081-82C6-83D3BD0C2103}.Debug|x64.ActiveCfg = Debug|x64
		{4B873EFE-4DDD-4081-82C6-83D3BD0C2103}.Debug|x64.Build.0 = Debug|x64
		{4B873EFE-4DDD-4081-82C6-83D3BD0C2103}.Debug|x86.ActiveCfg = Debug|Win32
		{4B873EFE-4DDD-4081-82C6-83D3BD0C2103}.Debug|x86.Build.0 = Debug|Win32
		{4B873EFE-4DDD-4081-82C6-83D3BD0C2103}.Release|x64.ActiveCfg = Release|x64
		{4B873EFE-4DDD-4081-82C6-83D3BD0C2103}.Release|x64.Build.0 = Release|x64
		{4B873EFE-4DDD-4081-82C6-83D3BD0C2103}.Release|x86.ActiveCfg = Release|Win32
		{4B873EFE-4DDD-4081-82C6-83D3BD0C2103}.Release|x86.Build.0 = Release|Win32
		{8B940581-DC9B-4E89-87CD-20A308598697}.Debug|x64.ActiveCfg = Debug|x64
		{8B940581-DC9B-4E89-87CD-20A308598697}.Debug|x64.Build.0 = Debug|x64
		{8B940581-DC9B-4E89-87CD-20A308598697}.Debug|x86.ActiveCfg = Debug|Win32
		{8B940581-DC9B-4E89-87CD-20A308598697}.Debug|x86.Build.0 = Debug|Win32
		{8B940581-DC9B-4E89-87CD-20A308598697}.Release|x64.ActiveCfg = Release|x64
		{8B940581-DC9B-4E89-87CD-20A308598697}.Release|x64.Build.0 = Release|x64
		{8B940581-DC9B-4E89-87CD-20A308598697}.Release|x86.ActiveCfg = Release|Win32
		{8B940581-DC9B-4E89-87CD-20A308598697}.Release|x86.Build.0 = Release|Win32
		{04E4A4FB-6777-4DC2-9B53-93D46705E320}.Debug|x64.ActiveCfg = Debug|x64
		{04E4A4FB-6777-4DC2-9B53-93D46705E320}.Debug|x64.Build.0 = Debug|x64
		{04E4A4FB-6777-4DC2-9B53-93D46705E320}.Debug|x86.ActiveCfg = Debug|Win32
		{04E4A4FB-6777-4DC2-9B53-93D46705E320}.Debug|x86.Build.0 = Debug|Win32
		{04E4A4FB-6777-4DC2-9B53-93D46705E320}.Release|x64.ActiveCfg = Release|x64
		{04E4A4FB-6777-4DC2-9B53-93D46705E320}.Release|x64.Build.0 = Release|x64
		{04E4A4FB-6777-4DC2-9B53-93D46705E320}.Release|x86.ActiveCfg = Release|Win32
		{04E4A4FB-6777-4DC2-9B53-93D46705E320}.Release|x86.Build.0 = Release|Win32
	EndGlobalSection
	GlobalSection(SolutionProperties) = preSolution
		HideSolutionNode = FALSE
	EndGlobalSection
	GlobalSection(ExtensibilityGlobals) = postSolution
		SolutionGuid = {C6756088-09AC-4E5A-9193-814C4F34C23D}
	EndGlobalSection
EndGlobal
